
Microsoft Visual Studio Solution File, Format Version 12.00
# Visual Studio Version 17
VisualStudioVersion = 17.7.34031.279
MinimumVisualStudioVersion = 10.0.40219.1
Project("{FAE04EC0-301F-11D3-BF4B-00C04F79EFBC}") = "LC_QOLTweaks", "LC_QOLTweaks.csproj", "{3BE32523-19C4-4EFC-B55A-3FB759A87320}"
EndProject
Global
	GlobalSection(SolutionConfigurationPlatforms) = preSolution
		Debug|Any CPU = Debug|Any CPU
		Release|Any CPU = Release|Any CPU
	EndGlobalSection
	GlobalSection(ProjectConfigurationPlatforms) = postSolution
		{3BE32523-19C4-4EFC-B55A-3FB759A87320}.Debug|Any CPU.ActiveCfg = Debug|Any CPU
		{3BE32523-19C4-4EFC-B55A-3FB759A87320}.Debug|Any CPU.Build.0 = Debug|Any CPU
		{3BE32523-19C4-4EFC-B55A-3FB759A87320}.Release|Any CPU.ActiveCfg = Release|Any CPU
		{3BE32523-19C4-4EFC-B55A-3FB759A87320}.Release|Any CPU.Build.0 = Release|Any CPU
	EndGlobalSection
	GlobalSection(SolutionProperties) = preSolution
		HideSolutionNode = FALSE
	EndGlobalSection
	GlobalSection(ExtensibilityGlobals) = postSolution
		SolutionGuid = {FD94CB79-8872-4598-9FB1-8DC11ECB81D4}
	EndGlobalSection
EndGlobal
